Microsoft Visual Studio Solution File, Format Version 12.00
# Visual Studio 15
VisualStudioVersion = 15.0.26730.16
MinimumVisualStudioVersion = 10.0.40219.1
Project("{FAE04EC0-301F-11D3-BF4B-00C04F79EFBC}") = "Avanade-StudioTV.Android", "Avanade-StudioTV.Android\Avanade-StudioTV.Android.csproj", "{35BC4417-4A0F-4C87-9FBE-C26C8E1814FF}"
EndProject
Project("{FAE04EC0-301F-11D3-BF4B-00C04F79EFBC}") = "Avanade-StudioTV.iOS", "Avanade-StudioTV.iOS\Avanade-StudioTV.iOS.csproj", "{47664C6C-AF3E-47BC-947A-1AE94F47B6FE}"
EndProject
Project("{9A19103F-16F7-4668-BE54-9A1E7A4F7556}") = "Avanade-StudioTV", "Avanade-StudioTV\Avanade-StudioTV.csproj", "{6A99738B-F702-4BB2-BA12-ECC87FD6B401}"
EndProject
Project("{FAE04EC0-301F-11D3-BF4B-00C04F79EFBC}") = "Avanade-StudioTV.UWP", "Avanade-StudioTV.UWP\Avanade-StudioTV.UWP.csproj", "{64D5C884-B01D-43C7-93F6-A25572E3DD5A}"
EndProject
Global
	GlobalSection(SolutionConfigurationPlatforms) = preSolution
		Ad-Hoc|Any CPU = Ad-Hoc|Any CPU
		Ad-Hoc|ARM = Ad-Hoc|ARM
		Ad-Hoc|iPhone = Ad-Hoc|iPhone
		Ad-Hoc|iPhoneSimulator = Ad-Hoc|iPhoneSimulator
		Ad-Hoc|x64 = Ad-Hoc|x64
		Ad-Hoc|x86 = Ad-Hoc|x86
		AppStore|Any CPU = AppStore|Any CPU
		AppStore|ARM = AppStore|ARM
		AppStore|iPhone = AppStore|iPhone
		AppStore|iPhoneSimulator = AppStore|iPhoneSimulator
		AppStore|x64 = AppStore|x64
		AppStore|x86 = AppStore|x86
		Debug|Any CPU = Debug|Any CPU
		Debug|ARM = Debug|ARM
		Debug|iPhone = Debug|iPhone
		Debug|iPhoneSimulator = Debug|iPhoneSimulator
		Debug|x64 = Debug|x64
		Debug|x86 = Debug|x86
		Release|Any CPU = Release|Any CPU
		Release|ARM = Release|ARM
		Release|iPhone = Release|iPhone
		Release|iPhoneSimulator = Release|iPhoneSimulator
		Release|x64 = Release|x64
		Release|x86 = Release|x86
	EndGlobalSection
	GlobalSection(ProjectConfigurationPlatforms) = postSolution
		{35BC4417-4A0F-4C87-9FBE-C26C8E1814FF}.Ad-Hoc|Any CPU.ActiveCfg = Release|Any CPU
		{35BC4417-4A0F-4C87-9FBE-C26C8E1814FF}.Ad-Hoc|ARM.ActiveCfg = Release|Any CPU
		{35BC4417-4A0F-4C87-9FBE-C26C8E1814FF}.Ad-Hoc|ARM.Build.0 = Release|Any CPU
		{35BC4417-4A0F-4C87-9FBE-C26C8E1814FF}.Ad-Hoc|ARM.Deploy.0 = Release|Any CPU
		{35BC4417-4A0F-4C87-9FBE-C26C8E1814FF}.Ad-Hoc|iPhone.ActiveCfg = Debug|Any CPU
		{35BC4417-4A0F-4C87-9FBE-C26C8E1814FF}.Ad-Hoc|iPhone.Build.0 = Debug|Any CPU
		{35BC4417-4A0F-4C87-9FBE-C26C8E1814FF}.Ad-Hoc|iPhoneSimulator.ActiveCfg = Release|Any CPU
		{35BC4417-4A0F-4C87-9FBE-C26C8E1814FF}.Ad-Hoc|x64.ActiveCfg = Release|Any CPU
		{35BC4417-4A0F-4C87-9FBE-C26C8E1814FF}.Ad-Hoc|x64.Build.0 = Release|Any CPU
		{35BC4417-4A0F-4C87-9FBE-C26C8E1814FF}.Ad-Hoc|x64.Deploy.0 = Release|Any CPU
		{35BC4417-4A0F-4C87-9FBE-C26C8E1814FF}.Ad-Hoc|x86.ActiveCfg = Release|Any CPU
		{35BC4417-4A0F-4C87-9FBE-C26C8E1814FF}.Ad-Hoc|x86.Build.0 = Release|Any CPU
		{35BC4417-4A0F-4C87-9FBE-C26C8E1814FF}.Ad-Hoc|x86.Deploy.0 = Release|Any CPU
		{35BC4417-4A0F-4C87-9FBE-C26C8E1814FF}.AppStore|Any CPU.ActiveCfg = Release|Any CPU
		{35BC4417-4A0F-4C87-9FBE-C26C8E1814FF}.AppStore|ARM.ActiveCfg = Release|Any CPU
		{35BC4417-4A0F-4C87-9FBE-C26C8E1814FF}.AppStore|ARM.Build.0 = Release|Any CPU
		{35BC4417-4A0F-4C87-9FBE-C26C8E1814FF}.AppStore|ARM.Deploy.0 = Release|Any CPU
		{35BC4417-4A0F-4C87-9FBE-C26C8E1814FF}.AppStore|iPhone.ActiveCfg = Debug|Any CPU
		{35BC4417-4A0F-4C87-9FBE-C26C8E1814FF}.AppStore|iPhone.Build.0 = Debug|Any CPU
		{35BC4417-4A0F-4C87-9FBE-C26C8E1814FF}.AppStore|iPhoneSimulator.ActiveCfg = Release|Any CPU
		{35BC4417-4A0F-4C87-9FBE-C26C8E1814FF}.AppStore|x64.ActiveCfg = Release|Any CPU
		{35BC4417-4A0F-4C87-9FBE-C26C8E1814FF}.AppStore|x64.Build.0 = Release|Any CPU
		{35BC4417-4A0F-4C87-9FBE-C26C8E1814FF}.AppStore|x64.Deploy.0 = Release|Any CPU
		{35BC4417-4A0F-4C87-9FBE-C26C8E1814FF}.AppStore|x86.ActiveCfg = Release|Any CPU
		{35BC4417-4A0F-4C87-9FBE-C26C8E1814FF}.AppStore|x86.Build.0 = Release|Any CPU
		{35BC4417-4A0F-4C87-9FBE-C26C8E1814FF}.AppStore|x86.Deploy.0 = Release|Any CPU
		{35BC4417-4A0F-4C87-9FBE-C26C8E1814FF}.Debug|Any CPU.ActiveCfg = Debug|Any CPU
		{35BC4417-4A0F-4C87-9FBE-C26C8E1814FF}.Debug|Any CPU.Build.0 = Debug|Any CPU
		{35BC4417-4A0F-4C87-9FBE-C26C8E1814FF}.Debug|ARM.ActiveCfg = Debug|Any CPU
		{35BC4417-4A0F-4C87-9FBE-C26C8E1814FF}.Debug|ARM.Build.0 = Debug|Any CPU
		{35BC4417-4A0F-4C87-9FBE-C26C8E1814FF}.Debug|ARM.Deploy.0 = Debug|Any CPU
		{35BC4417-4A0F-4C87-9FBE-C26C8E1814FF}.Debug|iPhone.ActiveCfg = Debug|Any CPU
		{35BC4417-4A0F-4C87-9FBE-C26C8E1814FF}.Debug|iPhone.Build.0 = Debug|Any CPU
		{35BC4417-4A0F-4C87-9FBE-C26C8E1814FF}.Debug|iPhoneSimulator.ActiveCfg = Debug|Any CPU
		{35BC4417-4A0F-4C87-9FBE-C26C8E1814FF}.Debug|iPhoneSimulator.Build.0 = Debug|Any CPU
		{35BC4417-4A0F-4C87-9FBE-C26C8E1814FF}.Debug|x64.ActiveCfg = Debug|Any CPU
		{35BC4417-4A0F-4C87-9FBE-C26C8E1814FF}.Debug|x64.Build.0 = Debug|Any CPU
		{35BC4417-4A0F-4C87-9FBE-C26C8E1814FF}.Debug|x64.Deploy.0 = Debug|Any CPU
		{35BC4417-4A0F-4C87-9FBE-C26C8E1814FF}.Debug|x86.ActiveCfg = Debug|Any CPU
		{35BC4417-4A0F-4C87-9FBE-C26C8E1814FF}.Debug|x86.Build.0 = Debug|Any CPU
		{35BC4417-4A0F-4C87-9FBE-C26C8E1814FF}.Debug|x86.Deploy.0 = Debug|Any CPU
		{35BC4417-4A0F-4C87-9FBE-C26C8E1814FF}.Release|Any CPU.ActiveCfg = Release|Any CPU
		{35BC4417-4A0F-4C87-9FBE-C26C8E1814FF}.Release|ARM.ActiveCfg = Release|Any CPU
		{35BC4417-4A0F-4C87-9FBE-C26C8E1814FF}.Release|ARM.Build.0 = Release|Any CPU
		{35BC4417-4A0F-4C87-9FBE-C26C8E1814FF}.Release|ARM.Deploy.0 = Release|Any CPU
		{35BC4417-4A0F-4C87-9FBE-C26C8E1814FF}.Release|iPhone.ActiveCfg = Release|Any CPU
		{35BC4417-4A0F-4C87-9FBE-C26C8E1814FF}.Release|iPhone.Build.0 = Release|Any CPU
		{35BC4417-4A0F-4C87-9FBE-C26C8E1814FF}.Release|iPhoneSimulator.ActiveCfg = Release|Any CPU
		{35BC4417-4A0F-4C87-9FBE-C26C8E1814FF}.Release|iPhoneSimulator.Build.0 = Release|Any CPU
		{35BC4417-4A0F-4C87-9FBE-C26C8E1814FF}.Release|x64.ActiveCfg = Release|Any CPU
		{35BC4417-4A0F-4C87-9FBE-C26C8E1814FF}.Release|x64.Build.0 = Release|Any CPU
		{35BC4417-4A0F-4C87-9FBE-C26C8E1814FF}.Release|x64.Deploy.0 = Release|Any CPU
		{35BC4417-4A0F-4C87-9FBE-C26C8E1814FF}.Release|x86.ActiveCfg = Release|Any CPU
		{35BC4417-4A0F-4C87-9FBE-C26C8E1814FF}.Release|x86.Build.0 = Release|Any CPU
		{35BC4417-4A0F-4C87-9FBE-C26C8E1814FF}.Release|x86.Deploy.0 = Release|Any CPU
		{47664C6C-AF3E-47BC-947A-1AE94F47B6FE}.Ad-Hoc|Any CPU.ActiveCfg = Ad-Hoc|iPhone
		{47664C6C-AF3E-47BC-947A-1AE94F47B6FE}.Ad-Hoc|ARM.ActiveCfg = Ad-Hoc|iPhoneSimulator
		{47664C6C-AF3E-47BC-947A-1AE94F47B6FE}.Ad-Hoc|iPhone.ActiveCfg = Ad-Hoc|iPhone
		{47664C6C-AF3E-47BC-947A-1AE94F47B6FE}.Ad-Hoc|iPhone.Build.0 = Ad-Hoc|iPhone
		{47664C6C-AF3E-47BC-947A-1AE94F47B6FE}.Ad-Hoc|iPhoneSimulator.ActiveCfg = Ad-Hoc|iPhone
		{47664C6C-AF3E-47BC-947A-1AE94F47B6FE}.Ad-Hoc|x64.ActiveCfg = Ad-Hoc|iPhoneSimulator
		{47664C6C-AF3E-47BC-947A-1AE94F47B6FE}.Ad-Hoc|x86.ActiveCfg = Ad-Hoc|iPhoneSimulator
		{47664C6C-AF3E-47BC-947A-1AE94F47B6FE}.AppStore|Any CPU.ActiveCfg = AppStore|iPhone
		{47664C6C-AF3E-47BC-947A-1AE94F47B6FE}.AppStore|ARM.ActiveCfg = AppStore|iPhoneSimulator
		{47664C6C-AF3E-47BC-947A-1AE94F47B6FE}.AppStore|iPhone.ActiveCfg = AppStore|iPhone
		{47664C6C-AF3E-47BC-947A-1AE94F47B6FE}.AppStore|iPhone.Build.0 = AppStore|iPhone
		{47664C6C-AF3E-47BC-947A-1AE94F47B6FE}.AppStore|iPhoneSimulator.ActiveCfg = AppStore|iPhone
		{47664C6C-AF3E-47BC-947A-1AE94F47B6FE}.AppStore|x64.ActiveCfg = AppStore|iPhoneSimulator
		{47664C6C-AF3E-47BC-947A-1AE94F47B6FE}.AppStore|x86.ActiveCfg = AppStore|iPhoneSimulator
		{47664C6C-AF3E-47BC-947A-1AE94F47B6FE}.Debug|Any CPU.ActiveCfg = Debug|iPhoneSimulator
		{47664C6C-AF3E-47BC-947A-1AE94F47B6FE}.Debug|Any CPU.Build.0 = Debug|iPhoneSimulator
		{47664C6C-AF3E-47BC-947A-1AE94F47B6FE}.Debug|ARM.ActiveCfg = Debug|iPhone
		{47664C6C-AF3E-47BC-947A-1AE94F47B6FE}.Debug|iPhone.ActiveCfg = Debug|iPhone
		{47664C6C-AF3E-47BC-947A-1AE94F47B6FE}.Debug|iPhone.Build.0 = Debug|iPhone
		{47664C6C-AF3E-47BC-947A-1AE94F47B6FE}.Debug|iPhoneSimulator.ActiveCfg = Debug|iPhoneSimulator
		{47664C6C-AF3E-47BC-947A-1AE94F47B6FE}.Debug|iPhoneSimulator.Build.0 = Debug|iPhoneSimulator
		{47664C6C-AF3E-47BC-947A-1AE94F47B6FE}.Debug|x64.ActiveCfg = Debug|iPhone
		{47664C6C-AF3E-47BC-947A-1AE94F47B6FE}.Debug|x86.ActiveCfg = Debug|iPhone
		{47664C6C-AF3E-47BC-947A-1AE94F47B6FE}.Release|Any CPU.ActiveCfg = Release|iPhoneSimulator
		{47664C6C-AF3E-47BC-947A-1AE94F47B6FE}.Release|Any CPU.Build.0 = Release|iPhoneSimulator
		{47664C6C-AF3E-47BC-947A-1AE94F47B6FE}.Release|ARM.ActiveCfg = Release|iPhone
		{47664C6C-AF3E-47BC-947A-1AE94F47B6FE}.Release|iPhone.ActiveCfg = Release|iPhone
		{47664C6C-AF3E-47BC-947A-1AE94F47B6FE}.Release|iPhone.Build.0 = Release|iPhone
		{47664C6C-AF3E-47BC-947A-1AE94F47B6FE}.Release|iPhoneSimulator.ActiveCfg = Release|iPhoneSimulator
		{47664C6C-AF3E-47BC-947A-1AE94F47B6FE}.Release|iPhoneSimulator.Build.0 = Release|iPhoneSimulator
		{47664C6C-AF3E-47BC-947A-1AE94F47B6FE}.Release|x64.ActiveCfg = Release|iPhone
		{47664C6C-AF3E-47BC-947A-1AE94F47B6FE}.Release|x86.ActiveCfg = Release|iPhone
		{6A99738B-F702-4BB2-BA12-ECC87FD6B401}.Ad-Hoc|Any CPU.ActiveCfg = Release|Any CPU
		{6A99738B-F702-4BB2-BA12-ECC87FD6B401}.Ad-Hoc|ARM.ActiveCfg = Release|Any CPU
		{6A99738B-F702-4BB2-BA12-ECC87FD6B401}.Ad-Hoc|ARM.Build.0 = Release|Any CPU
		{6A99738B-F702-4BB2-BA12-ECC87FD6B401}.Ad-Hoc|iPhone.ActiveCfg = Debug|Any CPU
		{6A99738B-F702-4BB2-BA12-ECC87FD6B401}.Ad-Hoc|iPhone.Build.0 = Debug|Any CPU
		{6A99738B-F702-4BB2-BA12-ECC87FD6B401}.Ad-Hoc|iPhoneSimulator.ActiveCfg = Release|Any CPU
		{6A99738B-F702-4BB2-BA12-ECC87FD6B401}.Ad-Hoc|x64.ActiveCfg = Release|Any CPU
		{6A99738B-F702-4BB2-BA12-ECC87FD6B401}.Ad-Hoc|x64.Build.0 = Release|Any CPU
		{6A99738B-F702-4BB2-BA12-ECC87FD6B401}.Ad-Hoc|x86.ActiveCfg = Release|Any CPU
		{6A99738B-F702-4BB2-BA12-ECC87FD6B401}.Ad-Hoc|x86.Build.0 = Release|Any CPU
		{6A99738B-F702-4BB2-BA12-ECC87FD6B401}.AppStore|Any CPU.ActiveCfg = Release|Any CPU
		{6A99738B-F702-4BB2-BA12-ECC87FD6B401}.AppStore|ARM.ActiveCfg = Release|Any CPU
		{6A99738B-F702-4BB2-BA12-ECC87FD6B401}.AppStore|ARM.Build.0 = Release|Any CPU
		{6A99738B-F702-4BB2-BA12-ECC87FD6B401}.AppStore|iPhone.ActiveCfg = Debug|Any CPU
		{6A99738B-F702-4BB2-BA12-ECC87FD6B401}.AppStore|iPhone.Build.0 = Debug|Any CPU
		{6A99738B-F702-4BB2-BA12-ECC87FD6B401}.AppStore|iPhoneSimulator.ActiveCfg = Release|Any CPU
		{6A99738B-F702-4BB2-BA12-ECC87FD6B401}.AppStore|x64.ActiveCfg = Release|Any CPU
		{6A99738B-F702-4BB2-BA12-ECC87FD6B401}.AppStore|x64.Build.0 = Release|Any CPU
		{6A99738B-F702-4BB2-BA12-ECC87FD6B401}.AppStore|x86.ActiveCfg = Release|Any CPU
		{6A99738B-F702-4BB2-BA12-ECC87FD6B401}.AppStore|x86.Build.0 = Release|Any CPU
		{6A99738B-F702-4BB2-BA12-ECC87FD6B401}.Debug|Any CPU.ActiveCfg = Debug|Any CPU
		{6A99738B-F702-4BB2-BA12-ECC87FD6B401}.Debug|Any CPU.Build.0 = Debug|Any CPU
		{6A99738B-F702-4BB2-BA12-ECC87FD6B401}.Debug|ARM.ActiveCfg = Debug|Any CPU
		{6A99738B-F702-4BB2-BA12-ECC87FD6B401}.Debug|ARM.Build.0 = Debug|Any CPU
		{6A99738B-F702-4BB2-BA12-ECC87FD6B401}.Debug|iPhone.ActiveCfg = Debug|Any CPU
		{6A99738B-F702-4BB2-BA12-ECC87FD6B401}.Debug|iPhone.Build.0 = Debug|Any CPU
		{6A99738B-F702-4BB2-BA12-ECC87FD6B401}.Debug|iPhoneSimulator.ActiveCfg = Debug|Any CPU
		{6A99738B-F702-4BB2-BA12-ECC87FD6B401}.Debug|iPhoneSimulator.Build.0 = Debug|Any CPU
		{6A99738B-F702-4BB2-BA12-ECC87FD6B401}.Debug|x64.ActiveCfg = Debug|Any CPU
		{6A99738B-F702-4BB2-BA12-ECC87FD6B401}.Debug|x64.Build.0 = Debug|Any CPU
		{6A99738B-F702-4BB2-BA12-ECC87FD6B401}.Debug|x86.ActiveCfg = Debug|Any CPU
		{6A99738B-F702-4BB2-BA12-ECC87FD6B401}.Debug|x86.Build.0 = Debug|Any CPU
		{6A99738B-F702-4BB2-BA12-ECC87FD6B401}.Release|Any CPU.ActiveCfg = Release|Any CPU
		{6A99738B-F702-4BB2-BA12-ECC87FD6B401}.Release|Any CPU.Build.0 = Release|Any CPU
		{6A99738B-F702-4BB2-BA12-ECC87FD6B401}.Release|ARM.ActiveCfg = Release|Any CPU
		{6A99738B-F702-4BB2-BA12-ECC87FD6B401}.Release|ARM.Build.0 = Release|Any CPU
		{6A99738B-F702-4BB2-BA12-ECC87FD6B401}.Release|iPhone.ActiveCfg = Release|Any CPU
		{6A99738B-F702-4BB2-BA12-ECC87FD6B401}.Release|iPhone.Build.0 = Release|Any CPU
		{6A99738B-F702-4BB2-BA12-ECC87FD6B401}.Release|iPhoneSimulator.ActiveCfg = Release|Any CPU
		{6A99738B-F702-4BB2-BA12-ECC87FD6B401}.Release|iPhoneSimulator.Build.0 = Release|Any CPU
		{6A99738B-F702-4BB2-BA12-ECC87FD6B401}.Release|x64.ActiveCfg = Release|Any CPU
		{6A99738B-F702-4BB2-BA12-ECC87FD6B401}.Release|x64.Build.0 = Release|Any CPU
		{6A99738B-F702-4BB2-BA12-ECC87FD6B401}.Release|x86.ActiveCfg = Release|Any CPU
		{6A99738B-F702-4BB2-BA12-ECC87FD6B401}.Release|x86.Build.0 = Release|Any CPU
		{64D5C884-B01D-43C7-93F6-A25572E3DD5A}.Ad-Hoc|Any CPU.ActiveCfg = Release|x64
		{64D5C884-B01D-43C7-93F6-A25572E3DD5A}.Ad-Hoc|Any CPU.Build.0 = Release|x64
		{64D5C884-B01D-43C7-93F6-A25572E3DD5A}.Ad-Hoc|Any CPU.Deploy.0 = Release|x64
		{64D5C884-B01D-43C7-93F6-A25572E3DD5A}.Ad-Hoc|ARM.ActiveCfg = Release|ARM
		{64D5C884-B01D-43C7-93F6-A25572E3DD5A}.Ad-Hoc|ARM.Build.0 = Release|ARM
		{64D5C884-B01D-43C7-93F6-A25572E3DD5A}.Ad-Hoc|ARM.Deploy.0 = Release|ARM
		{64D5C884-B01D-43C7-93F6-A25572E3DD5A}.Ad-Hoc|iPhone.ActiveCfg = Release|x64
		{64D5C884-B01D-43C7-93F6-A25572E3DD5A}.Ad-Hoc|iPhone.Build.0 = Release|x64
		{64D5C884-B01D-43C7-93F6-A25572E3DD5A}.Ad-Hoc|iPhone.Deploy.0 = Release|x64
		{64D5C884-B01D-43C7-93F6-A25572E3DD5A}.Ad-Hoc|iPhoneSimulator.ActiveCfg = Release|x64
		{64D5C884-B01D-43C7-93F6-A25572E3DD5A}.Ad-Hoc|iPhoneSimulator.Build.0 = Release|x64
		{64D5C884-B01D-43C7-93F6-A25572E3DD5A}.Ad-Hoc|iPhoneSimulator.Deploy.0 = Release|x64
		{64D5C884-B01D-43C7-93F6-A25572E3DD5A}.Ad-Hoc|x64.ActiveCfg = Release|x64
		{64D5C884-B01D-43C7-93F6-A25572E3DD5A}.Ad-Hoc|x64.Build.0 = Release|x64
		{64D5C884-B01D-43C7-93F6-A25572E3DD5A}.Ad-Hoc|x64.Deploy.0 = Release|x64
		{64D5C884-B01D-43C7-93F6-A25572E3DD5A}.Ad-Hoc|x86.ActiveCfg = Release|x86
		{64D5C884-B01D-43C7-93F6-A25572E3DD5A}.Ad-Hoc|x86.Build.0 = Release|x86
		{64D5C884-B01D-43C7-93F6-A25572E3DD5A}.Ad-Hoc|x86.Deploy.0 = Release|x86
		{64D5C884-B01D-43C7-93F6-A25572E3DD5A}.AppStore|Any CPU.ActiveCfg = Release|x64
		{64D5C884-B01D-43C7-93F6-A25572E3DD5A}.AppStore|Any CPU.Build.0 = Release|x64
		{64D5C884-B01D-43C7-93F6-A25572E3DD5A}.AppStore|Any CPU.Deploy.0 = Release|x64
		{64D5C884-B01D-43C7-93F6-A25572E3DD5A}.AppStore|ARM.ActiveCfg = Release|ARM
		{64D5C884-B01D-43C7-93F6-A25572E3DD5A}.AppStore|ARM.Build.0 = Release|ARM
		{64D5C884-B01D-43C7-93F6-A25572E3DD5A}.AppStore|ARM.Deploy.0 = Release|ARM
		{64D5C884-B01D-43C7-93F6-A25572E3DD5A}.AppStore|iPhone.ActiveCfg = Release|x64
		{64D5C884-B01D-43C7-93F6-A25572E3DD5A}.AppStore|iPhone.Build.0 = Release|x64
		{64D5C884-B01D-43C7-93F6-A25572E3DD5A}.AppStore|iPhone.Deploy.0 = Release|x64
		{64D5C884-B01D-43C7-93F6-A25572E3DD5A}.AppStore|iPhoneSimulator.ActiveCfg = Release|x64
		{64D5C884-B01D-43C7-93F6-A25572E3DD5A}.AppStore|iPhoneSimulator.Build.0 = Release|x64
		{64D5C884-B01D-43C7-93F6-A25572E3DD5A}.AppStore|iPhoneSimulator.Deploy.0 = Release|x64
		{64D5C884-B01D-43C7-93F6-A25572E3DD5A}.AppStore|x64.ActiveCfg = Release|x64
		{64D5C884-B01D-43C7-93F6-A25572E3DD5A}.AppStore|x64.Build.0 = Release|x64
		{64D5C884-B01D-43C7-93F6-A25572E3DD5A}.AppStore|x64.Deploy.0 = Release|x64
		{64D5C884-B01D-43C7-93F6-A25572E3DD5A}.AppStore|x86.ActiveCfg = Release|x86
		{64D5C884-B01D-43C7-93F6-A25572E3DD5A}.AppStore|x86.Build.0 = Release|x86
		{64D5C884-B01D-43C7-93F6-A25572E3DD5A}.AppStore|x86.Deploy.0 = Release|x86
		{64D5C884-B01D-43C7-93F6-A25572E3DD5A}.Debug|Any CPU.ActiveCfg = Debug|x86
		{64D5C884-B01D-43C7-93F6-A25572E3DD5A}.Debug|ARM.ActiveCfg = Debug|ARM
		{64D5C884-B01D-43C7-93F6-A25572E3DD5A}.Debug|ARM.Build.0 = Debug|ARM
		{64D5C884-B01D-43C7-93F6-A25572E3DD5A}.Debug|ARM.Deploy.0 = Debug|ARM
		{64D5C884-B01D-43C7-93F6-A25572E3DD5A}.Debug|iPhone.ActiveCfg = Debug|x86
		{64D5C884-B01D-43C7-93F6-A25572E3DD5A}.Debug|iPhoneSimulator.ActiveCfg = Debug|x86
		{64D5C884-B01D-43C7-93F6-A25572E3DD5A}.Debug|x64.ActiveCfg = Debug|x64
		{64D5C884-B01D-43C7-93F6-A25572E3DD5A}.Debug|x64.Build.0 = Debug|x64
		{64D5C884-B01D-43C7-93F6-A25572E3DD5A}.Debug|x64.Deploy.0 = Debug|x64
		{64D5C884-B01D-43C7-93F6-A25572E3DD5A}.Debug|x86.ActiveCfg = Debug|x86
		{64D5C884-B01D-43C7-93F6-A25572E3DD5A}.Debug|x86.Build.0 = Debug|x86
		{64D5C884-B01D-43C7-93F6-A25572E3DD5A}.Debug|x86.Deploy.0 = Debug|x86
		{64D5C884-B01D-43C7-93F6-A25572E3DD5A}.Release|Any CPU.ActiveCfg = Release|x64
		{64D5C884-B01D-43C7-93F6-A25572E3DD5A}.Release|Any CPU.Build.0 = Release|x64
		{64D5C884-B01D-43C7-93F6-A25572E3DD5A}.Release|Any CPU.Deploy.0 = Release|x64
		{64D5C884-B01D-43C7-93F6-A25572E3DD5A}.Release|ARM.ActiveCfg = Release|ARM
		{64D5C884-B01D-43C7-93F6-A25572E3DD5A}.Release|ARM.Build.0 = Release|ARM
		{64D5C884-B01D-43C7-93F6-A25572E3DD5A}.Release|ARM.Deploy.0 = Release|ARM
		{64D5C884-B01D-43C7-93F6-A25572E3DD5A}.Release|iPhone.ActiveCfg = Release|x86
		{64D5C884-B01D-43C7-93F6-A25572E3DD5A}.Release|iPhoneSimulator.ActiveCfg = Release|x86
		{64D5C884-B01D-43C7-93F6-A25572E3DD5A}.Release|x64.ActiveCfg = Release|x64
		{64D5C884-B01D-43C7-93F6-A25572E3DD5A}.Release|x64.Build.0 = Release|x64
		{64D5C884-B01D-43C7-93F6-A25572E3DD5A}.Release|x64.Deploy.0 = Release|x64
		{64D5C884-B01D-43C7-93F6-A25572E3DD5A}.Release|x86.ActiveCfg = Release|x86
		{64D5C884-B01D-43C7-93F6-A25572E3DD5A}.Release|x86.Build.0 = Release|x86
		{64D5C884-B01D-43C7-93F6-A25572E3DD5A}.Release|x86.Deploy.0 = Release|x86
	EndGlobalSection
	GlobalSection(SolutionProperties) = preSolution
		HideSolutionNode = FALSE
	EndGlobalSection
	GlobalSection(ExtensibilityGlobals) = postSolution
		SolutionGuid = {3DD140B4-950B-4614-A66F-F5771F280554}
	EndGlobalSection
EndGlobal
